<?xml version="1.0" encoding="utf-8"?>
<Project ToolsVersion="4.0" xmlns="http://schemas.microsoft.com/developer/msbuild/2003">
  <ItemGroup>
    <Filter Include="源文件">
      <UniqueIdentifier>{4FC737F1-C7A5-4376-A066-2A32D752A2FF}</UniqueIdentifier>
      <Extensions>cpp;c;cc;cxx;def;odl;idl;hpj;bat;asm;asmx</Extensions>
    </Filter>
    <Filter Include="头文件">
      <UniqueIdentifier>{93995380-89BD-4b04-88EB-625FBE52EBFB}</UniqueIdentifier>
      <Extensions>h;hh;hpp;hxx;hm;inl;inc;xsd</Extensions>
    </Filter>
    <Filter Include="资源文件">
      <UniqueIdentifier>{67DA6AB6-F800-4c08-8B7A-83BB121AAD01}</UniqueIdentifier>
      <Extensions>rc;ico;cur;bmp;dlg;rc2;rct;bin;rgs;gif;jpg;jpeg;jpe;resx;tiff;tif;png;wav;mfcribbon-ms</Extensions>
    </Filter>
  </ItemGroup>
  <ItemGroup>
    <ClCompile Include="..\src\AlgoDetection.cpp">
      <Filter>源文件</Filter>
    </ClCompile>
    <ClCompile Include="..\src\detection_class.cpp">
      <Filter>源文件</Filter>
    </ClCompile>
    <ClCompile Include="..\src\http_stream.cpp">
      <Filter>源文件</Filter>
    </ClCompile>
    <ClCompile Include="..\src\AlgoDetectionManager.cpp">
      <Filter>源文件</Filter>
    </ClCompile>
    <ClCompile Include="..\src\activation_layer.cpp">
      <Filter>源文件</Filter>
    </ClCompile>
    <ClCompile Include="..\src\activations.cpp">
      <Filter>源文件</Filter>
    </ClCompile>
    <ClCompile Include="..\src\art.cpp">
      <Filter>源文件</Filter>
    </ClCompile>
    <ClCompile Include="..\src\avgpool_layer.cpp">
      <Filter>源文件</Filter>
    </ClCompile>
    <ClCompile Include="..\src\batchnorm_layer.cpp">
      <Filter>源文件</Filter>
    </ClCompile>
    <ClCompile Include="..\src\blas.cpp">
      <Filter>源文件</Filter>
    </ClCompile>
    <ClCompile Include="..\src\box.cpp">
      <Filter>源文件</Filter>
    </ClCompile>
    <ClCompile Include="..\src\captcha.cpp">
      <Filter>源文件</Filter>
    </ClCompile>
    <ClCompile Include="..\src\cifar.cpp">
      <Filter>源文件</Filter>
    </ClCompile>
    <ClCompile Include="..\src\classifier.cpp">
      <Filter>源文件</Filter>
    </ClCompile>
    <ClCompile Include="..\src\coco.cpp">
      <Filter>源文件</Filter>
    </ClCompile>
    <ClCompile Include="..\src\col2im.cpp">
      <Filter>源文件</Filter>
    </ClCompile>
    <ClCompile Include="..\src\compare.cpp">
      <Filter>源文件</Filter>
    </ClCompile>
    <ClCompile Include="..\src\connected_layer.cpp">
      <Filter>源文件</Filter>
    </ClCompile>
    <ClCompile Include="..\src\convolutional_layer.cpp">
      <Filter>源文件</Filter>
    </ClCompile>
    <ClCompile Include="..\src\cost_layer.cpp">
      <Filter>源文件</Filter>
    </ClCompile>
    <ClCompile Include="..\src\cpu_gemm.cpp">
      <Filter>源文件</Filter>
    </ClCompile>
    <ClCompile Include="..\src\crnn_layer.cpp">
      <Filter>源文件</Filter>
    </ClCompile>
    <ClCompile Include="..\src\crop_layer.cpp">
      <Filter>源文件</Filter>
    </ClCompile>
    <ClCompile Include="..\src\cuda.cpp">
      <Filter>源文件</Filter>
    </ClCompile>
    <ClCompile Include="..\src\darknet.cpp">
      <Filter>源文件</Filter>
    </ClCompile>
    <ClCompile Include="..\src\data.cpp">
      <Filter>源文件</Filter>
    </ClCompile>
    <ClCompile Include="..\src\deconvolutional_layer.cpp">
      <Filter>源文件</Filter>
    </ClCompile>
    <ClCompile Include="..\src\demo.cpp">
      <Filter>源文件</Filter>
    </ClCompile>
    <ClCompile Include="..\src\detection_layer.cpp">
      <Filter>源文件</Filter>
    </ClCompile>
    <ClCompile Include="..\src\detector.cpp">
      <Filter>源文件</Filter>
    </ClCompile>
    <ClCompile Include="..\src\dice.cpp">
      <Filter>源文件</Filter>
    </ClCompile>
    <ClCompile Include="..\src\dropout_layer.cpp">
      <Filter>源文件</Filter>
    </ClCompile>
    <ClCompile Include="..\src\gemm.cpp">
      <Filter>源文件</Filter>
    </ClCompile>
    <ClCompile Include="..\src\getopt.c">
      <Filter>源文件</Filter>
    </ClCompile>
    <ClCompile Include="..\src\gettimeofday.cpp">
      <Filter>源文件</Filter>
    </ClCompile>
    <ClCompile Include="..\src\go.cpp">
      <Filter>源文件</Filter>
    </ClCompile>
    <ClCompile Include="..\src\gru_layer.cpp">
      <Filter>源文件</Filter>
    </ClCompile>
    <ClCompile Include="..\src\im2col.cpp">
      <Filter>源文件</Filter>
    </ClCompile>
    <ClCompile Include="..\src\image.cpp">
      <Filter>源文件</Filter>
    </ClCompile>
    <ClCompile Include="..\src\layer.cpp">
      <Filter>源文件</Filter>
    </ClCompile>
    <ClCompile Include="..\src\list.cpp">
      <Filter>源文件</Filter>
    </ClCompile>
    <ClCompile Include="..\src\local_layer.cpp">
      <Filter>源文件</Filter>
    </ClCompile>
    <ClCompile Include="..\src\matrix.cpp">
      <Filter>源文件</Filter>
    </ClCompile>
    <ClCompile Include="..\src\maxpool_layer.cpp">
      <Filter>源文件</Filter>
    </ClCompile>
    <ClCompile Include="..\src\network.cpp">
      <Filter>源文件</Filter>
    </ClCompile>
    <ClCompile Include="..\src\nightmare.cpp">
      <Filter>源文件</Filter>
    </ClCompile>
    <ClCompile Include="..\src\normalization_layer.cpp">
      <Filter>源文件</Filter>
    </ClCompile>
    <ClCompile Include="..\src\option_list.cpp">
      <Filter>源文件</Filter>
    </ClCompile>
    <ClCompile Include="..\src\parser.cpp">
      <Filter>源文件</Filter>
    </ClCompile>
    <ClCompile Include="..\src\region_layer.cpp">
      <Filter>源文件</Filter>
    </ClCompile>
    <ClCompile Include="..\src\reorg_layer.cpp">
      <Filter>源文件</Filter>
    </ClCompile>
    <ClCompile Include="..\src\reorg_old_layer.cpp">
      <Filter>源文件</Filter>
    </ClCompile>
    <ClCompile Include="..\src\rnn.cpp">
      <Filter>源文件</Filter>
    </ClCompile>
    <ClCompile Include="..\src\rnn_layer.cpp">
      <Filter>源文件</Filter>
    </ClCompile>
    <ClCompile Include="..\src\rnn_vid.cpp">
      <Filter>源文件</Filter>
    </ClCompile>
    <ClCompile Include="..\src\route_layer.cpp">
      <Filter>源文件</Filter>
    </ClCompile>
    <ClCompile Include="..\src\shortcut_layer.cpp">
      <Filter>源文件</Filter>
    </ClCompile>
    <ClCompile Include="..\src\softmax_layer.cpp">
      <Filter>源文件</Filter>
    </ClCompile>
    <ClCompile Include="..\src\super.cpp">
      <Filter>源文件</Filter>
    </ClCompile>
    <ClCompile Include="..\src\swag.cpp">
      <Filter>源文件</Filter>
    </ClCompile>
    <ClCompile Include="..\src\tag.cpp">
      <Filter>源文件</Filter>
    </ClCompile>
    <ClCompile Include="..\src\tree.cpp">
      <Filter>源文件</Filter>
    </ClCompile>
    <ClCompile Include="..\src\upsample_layer.cpp">
      <Filter>源文件</Filter>
    </ClCompile>
    <ClCompile Include="..\src\utils.cpp">
      <Filter>源文件</Filter>
    </ClCompile>
    <ClCompile Include="..\src\voxel.cpp">
      <Filter>源文件</Filter>
    </ClCompile>
    <ClCompile Include="..\src\writing.cpp">
      <Filter>源文件</Filter>
    </ClCompile>
    <ClCompile Include="..\src\yolo.cpp">
      <Filter>源文件</Filter>
    </ClCompile>
    <ClCompile Include="..\src\yolo_layer.cpp">
      <Filter>源文件</Filter>
    </ClCompile>
  </ItemGroup>
  <ItemGroup>
    <ClInclude Include="..\src\activation_layer.h">
      <Filter>头文件</Filter>
    </ClInclude>
    <ClInclude Include="..\src\activations.h">
      <Filter>头文件</Filter>
    </ClInclude>
    <ClInclude Include="..\src\AlgoDetection.h">
      <Filter>头文件</Filter>
    </ClInclude>
    <ClInclude Include="..\src\avgpool_layer.h">
      <Filter>头文件</Filter>
    </ClInclude>
    <ClInclude Include="..\src\batchnorm_layer.h">
      <Filter>头文件</Filter>
    </ClInclude>
    <ClInclude Include="..\src\blas.h">
      <Filter>头文件</Filter>
    </ClInclude>
    <ClInclude Include="..\src\box.h">
      <Filter>头文件</Filter>
    </ClInclude>
    <ClInclude Include="..\src\classifier.h">
      <Filter>头文件</Filter>
    </ClInclude>
    <ClInclude Include="..\src\col2im.h">
      <Filter>头文件</Filter>
    </ClInclude>
    <ClInclude Include="..\src\connected_layer.h">
      <Filter>头文件</Filter>
    </ClInclude>
    <ClInclude Include="..\src\convolutional_layer.h">
      <Filter>头文件</Filter>
    </ClInclude>
    <ClInclude Include="..\src\cost_layer.h">
      <Filter>头文件</Filter>
    </ClInclude>
    <ClInclude Include="..\src\crnn_layer.h">
      <Filter>头文件</Filter>
    </ClInclude>
    <ClInclude Include="..\src\crop_layer.h">
      <Filter>头文件</Filter>
    </ClInclude>
    <ClInclude Include="..\src\cuda.h">
      <Filter>头文件</Filter>
    </ClInclude>
    <ClInclude Include="..\src\data.h">
      <Filter>头文件</Filter>
    </ClInclude>
    <ClInclude Include="..\src\deconvolutional_layer.h">
      <Filter>头文件</Filter>
    </ClInclude>
    <ClInclude Include="..\src\demo.h">
      <Filter>头文件</Filter>
    </ClInclude>
    <ClInclude Include="..\src\detection_class.hpp">
      <Filter>头文件</Filter>
    </ClInclude>
    <ClInclude Include="..\src\detection_layer.h">
      <Filter>头文件</Filter>
    </ClInclude>
    <ClInclude Include="..\src\dropout_layer.h">
      <Filter>头文件</Filter>
    </ClInclude>
    <ClInclude Include="..\src\gemm.h">
      <Filter>头文件</Filter>
    </ClInclude>
    <ClInclude Include="..\src\getopt.h">
      <Filter>头文件</Filter>
    </ClInclude>
    <ClInclude Include="..\src\gettimeofday.h">
      <Filter>头文件</Filter>
    </ClInclude>
    <ClInclude Include="..\src\gru_layer.h">
      <Filter>头文件</Filter>
    </ClInclude>
    <ClInclude Include="..\src\http_stream.h">
      <Filter>头文件</Filter>
    </ClInclude>
    <ClInclude Include="..\src\im2col.h">
      <Filter>头文件</Filter>
    </ClInclude>
    <ClInclude Include="..\src\image.h">
      <Filter>头文件</Filter>
    </ClInclude>
    <ClInclude Include="..\src\layer.h">
      <Filter>头文件</Filter>
    </ClInclude>
    <ClInclude Include="..\src\list.h">
      <Filter>头文件</Filter>
    </ClInclude>
    <ClInclude Include="..\src\local_layer.h">
      <Filter>头文件</Filter>
    </ClInclude>
    <ClInclude Include="..\src\matrix.h">
      <Filter>头文件</Filter>
    </ClInclude>
    <ClInclude Include="..\src\maxpool_layer.h">
      <Filter>头文件</Filter>
    </ClInclude>
    <ClInclude Include="..\src\network.h">
      <Filter>头文件</Filter>
    </ClInclude>
    <ClInclude Include="..\src\normalization_layer.h">
      <Filter>头文件</Filter>
    </ClInclude>
    <ClInclude Include="..\src\option_list.h">
      <Filter>头文件</Filter>
    </ClInclude>
    <ClInclude Include="..\src\parser.h">
      <Filter>头文件</Filter>
    </ClInclude>
    <ClInclude Include="..\src\region_layer.h">
      <Filter>头文件</Filter>
    </ClInclude>
    <ClInclude Include="..\src\reorg_layer.h">
      <Filter>头文件</Filter>
    </ClInclude>
    <ClInclude Include="..\src\reorg_old_layer.h">
      <Filter>头文件</Filter>
    </ClInclude>
    <ClInclude Include="..\src\rnn_layer.h">
      <Filter>头文件</Filter>
    </ClInclude>
    <ClInclude Include="..\src\route_layer.h">
      <Filter>头文件</Filter>
    </ClInclude>
    <ClInclude Include="..\src\shortcut_layer.h">
      <Filter>头文件</Filter>
    </ClInclude>
    <ClInclude Include="..\src\softmax_layer.h">
      <Filter>头文件</Filter>
    </ClInclude>
    <ClInclude Include="..\src\stb_image.h">
      <Filter>头文件</Filter>
    </ClInclude>
    <ClInclude Include="..\src\stb_image_write.h">
      <Filter>头文件</Filter>
    </ClInclude>
    <ClInclude Include="..\src\tree.h">
      <Filter>头文件</Filter>
    </ClInclude>
    <ClInclude Include="..\src\unistd.h">
      <Filter>头文件</Filter>
    </ClInclude>
    <ClInclude Include="..\src\upsample_layer.h">
      <Filter>头文件</Filter>
    </ClInclude>
    <ClInclude Include="..\src\utils.h">
      <Filter>头文件</Filter>
    </ClInclude>
    <ClInclude Include="..\src\yolo_layer.h">
      <Filter>头文件</Filter>
    </ClInclude>
    <ClInclude Include="..\src\AlgoDetectionManager.h">
      <Filter>头文件</Filter>
    </ClInclude>
    <ClInclude Include="..\src\common.h">
      <Filter>头文件</Filter>
    </ClInclude>
    <ClInclude Include="..\src\detection.h">
      <Filter>头文件</Filter>
    </ClInclude>
  </ItemGroup>
</Project>